// !$*UTF8*$!
{
	archiveVersion = 1;
	classes = {
	};
	objectVersion = 54;
	objects = {

/* Begin PBXBuildFile section */
		00E356F31AD99517003FC87E /* valuxlmsTests.m in Sources */ = {isa = PBXBuildFile; fileRef = 00E356F21AD99517003FC87E /* valuxlmsTests.m */; };
		10DC221A37064F770340C3A5 /* libPods-valuxlms.a in Frameworks */ = {isa = PBXBuildFile; fileRef = 04095736FE8C02810E7CFE91 /* libPods-valuxlms.a */; };
		13B07FBC1A68108700A75B9A /* AppDelegate.m in Sources */ = {isa = PBXBuildFile; fileRef = 13B07FB01A68108700A75B9A /* AppDelegate.m */; };
		13B07FBF1A68108700A75B9A /* Images.xcassets in Resources */ = {isa = PBXBuildFile; fileRef = 13B07FB51A68108700A75B9A /* Images.xcassets */; };
		13B07FC11A68108700A75B9A /* main.m in Sources */ = {isa = PBXBuildFile; fileRef = 13B07FB71A68108700A75B9A /* main.m */; };
		14C6B704032D43F1B9E8F2D3 /* SimpleLineIcons.ttf in Resources */ = {isa = PBXBuildFile; fileRef = 7776B6C1FC794995A5C267A8 /* SimpleLineIcons.ttf */; };
		20CA72C6C2754A82BB2633ED /* Foundation.ttf in Resources */ = {isa = PBXBuildFile; fileRef = BC727408C2204B11902C7248 /* Foundation.ttf */; };
		2FE42019FA0D4B12A5349834 /* FontAwesome.ttf in Resources */ = {isa = PBXBuildFile; fileRef = 709A8298496647C7918AFA75 /* FontAwesome.ttf */; };
		3B9C674915E14BD58531F728 /* AntDesign.ttf in Resources */ = {isa = PBXBuildFile; fileRef = 7EED1D3A6043499F81C9EE74 /* AntDesign.ttf */; };
		4B8532CD8122455C9556EBA0 /* FontAwesome5_Solid.ttf in Resources */ = {isa = PBXBuildFile; fileRef = DC96F7C6DE0E4EC797CA7ED3 /* FontAwesome5_Solid.ttf */; };
		5EC76529726746E680FE864B /* Ionicons.ttf in Resources */ = {isa = PBXBuildFile; fileRef = A18B3376392F44848146E701 /* Ionicons.ttf */; };
		81AB9BB82411601600AC10FF /* LaunchScreen.storyboard in Resources */ = {isa = PBXBuildFile; fileRef = 81AB9BB72411601600AC10FF /* LaunchScreen.storyboard */; };
		8293D63596CA4BF19C7C422E /* EvilIcons.ttf in Resources */ = {isa = PBXBuildFile; fileRef = 8C13DF82E7894F28A3DFF9E7 /* EvilIcons.ttf */; };
		8AF85D8DE4154A8283637441 /* Fontisto.ttf in Resources */ = {isa = PBXBuildFile; fileRef = B6B9CA160BCC466FAEA53EE9 /* Fontisto.ttf */; };
		957C6841DDA34B76C46BB32B /* libPods-valuxlms-valuxlmsTests.a in Frameworks */ = {isa = PBXBuildFile; fileRef = 890230D16246CF5847638007 /* libPods-valuxlms-valuxlmsTests.a */; };
		A09F5DC9EE1E42EDA1807A60 /* FontAwesome5_Brands.ttf in Resources */ = {isa = PBXBuildFile; fileRef = 84EA20AB8D3D431E8F0C6662 /* FontAwesome5_Brands.ttf */; };
		ACD3AB0F868F408C8E817952 /* MaterialCommunityIcons.ttf in Resources */ = {isa = PBXBuildFile; fileRef = F1CB3DC359304A1A9909088B /* MaterialCommunityIcons.ttf */; };
		CA854311A4964B6982B9184C /* Octicons.ttf in Resources */ = {isa = PBXBuildFile; fileRef = 6090C9B2C57A4744848F3BF5 /* Octicons.ttf */; };
		D5F17854F53B4B37956A63B8 /* Entypo.ttf in Resources */ = {isa = PBXBuildFile; fileRef = E5A1F41B15C2453AA8728D8F /* Entypo.ttf */; };
		D90B1EB6293E1DCF005D0A5D /* DMSans-Italic.ttf in Resources */ = {isa = PBXBuildFile; fileRef = D90B1EB0293E1DCF005D0A5D /* DMSans-Italic.ttf */; };
		D90B1EB7293E1DCF005D0A5D /* DMSans-Regular.ttf in Resources */ = {isa = PBXBuildFile; fileRef = D90B1EB1293E1DCF005D0A5D /* DMSans-Regular.ttf */; };
		D90B1EB8293E1DCF005D0A5D /* DMSans-Bold.ttf in Resources */ = {isa = PBXBuildFile; fileRef = D90B1EB2293E1DCF005D0A5D /* DMSans-Bold.ttf */; };
		D90B1EB9293E1DCF005D0A5D /* DMSans-BoldItalic.ttf in Resources */ = {isa = PBXBuildFile; fileRef = D90B1EB3293E1DCF005D0A5D /* DMSans-BoldItalic.ttf */; };
		D90B1EBA293E1DCF005D0A5D /* DMSans-MediumItalic.ttf in Resources */ = {isa = PBXBuildFile; fileRef = D90B1EB4293E1DCF005D0A5D /* DMSans-MediumItalic.ttf */; };
		D90B1EBB293E1DCF005D0A5D /* DMSans-Medium.ttf in Resources */ = {isa = PBXBuildFile; fileRef = D90B1EB5293E1DCF005D0A5D /* DMSans-Medium.ttf */; };
		DFC3FFE697D444DD8C94DAF4 /* MaterialIcons.ttf in Resources */ = {isa = PBXBuildFile; fileRef = 983DD040F91842048CED4F27 /* MaterialIcons.ttf */; };
		E9DCFB7754E948AF90928612 /* Zocial.ttf in Resources */ = {isa = PBXBuildFile; fileRef = 3D2D31F22A884B36A1440E2C /* Zocial.ttf */; };
		F05A8FE5A5B0478BB17E7852 /* FontAwesome5_Regular.ttf in Resources */ = {isa = PBXBuildFile; fileRef = 1A61865817BD4311BC43540E /* FontAwesome5_Regular.ttf */; };
		FFD97653B74640DBA6596296 /* Feather.ttf in Resources */ = {isa = PBXBuildFile; fileRef = DA56AFD2DBDF4357B05CF5A7 /* Feather.ttf */; };
		0D8C8374671A46C88C34BE7C /* DMSans-Bold.ttf in Resources */ = {isa = PBXBuildFile; fileRef = 4A79671AF3E9406492A96FE2 /* DMSans-Bold.ttf */; };
		464C41EEC5874ED185490833 /* DMSans-BoldItalic.ttf in Resources */ = {isa = PBXBuildFile; fileRef = 97047B6BD6B144C9879C61C7 /* DMSans-BoldItalic.ttf */; };
		3EE5B9C3798E49DC91E098DB /* DMSans-Italic.ttf in Resources */ = {isa = PBXBuildFile; fileRef = 083D12F200564DBA99F62C7F /* DMSans-Italic.ttf */; };
		668F507FD26149EB8BDB7BE0 /* DMSans-Medium.ttf in Resources */ = {isa = PBXBuildFile; fileRef = 4F1309B742AA4E41BF515B61 /* DMSans-Medium.ttf */; };
		2330CD7EC12343B4B7F49997 /* DMSans-MediumItalic.ttf in Resources */ = {isa = PBXBuildFile; fileRef = 4C551C1A253944828D8A653C /* DMSans-MediumItalic.ttf */; };
		EC226F06AF564CCE8DE62637 /* DMSans-Regular.ttf in Resources */ = {isa = PBXBuildFile; fileRef = 4EB84199BEEB48E0BBB4EE43 /* DMSans-Regular.ttf */; };
/* End PBXBuildFile section */

/* Begin PBXContainerItemProxy section */
		00E356F41AD99517003FC87E /* PBXContainerItemProxy */ = {
			isa = PBXContainerItemProxy;
			containerPortal = 83CBB9F71A601CBA00E9B192 /* Project object */;
			proxyType = 1;
			remoteGlobalIDString = 13B07F861A680F5B00A75B9A;
			remoteInfo = valuxlms;
		};
/* End PBXContainerItemProxy section */

/* Begin PBXFileReference section */
		00E356EE1AD99517003FC87E /* valuxlmsTests.xctest */ = {isa = PBXFileReference; explicitFileType = wrapper.cfbundle; includeInIndex = 0; path = valuxlmsTests.xctest; sourceTree = BUILT_PRODUCTS_DIR; };
		00E356F11AD99517003FC87E /* Info.plist */ = {isa = PBXFileReference; lastKnownFileType = text.plist.xml; path = Info.plist; sourceTree = "<group>"; };
		00E356F21AD99517003FC87E /* valuxlmsTests.m */ = {isa = PBXFileReference; lastKnownFileType = sourcecode.c.objc; path = valuxlmsTests.m; sourceTree = "<group>"; };
		04095736FE8C02810E7CFE91 /* libPods-valuxlms.a */ = {isa = PBXFileReference; explicitFileType = archive.ar; includeInIndex = 0; path = "libPods-valuxlms.a"; sourceTree = BUILT_PRODUCTS_DIR; };
		13B07F961A680F5B00A75B9A /* valuxlms.app */ = {isa = PBXFileReference; explicitFileType = wrapper.application; includeInIndex = 0; path = valuxlms.app; sourceTree = BUILT_PRODUCTS_DIR; };
		13B07FAF1A68108700A75B9A /* AppDelegate.h */ = {isa = PBXFileReference; fileEncoding = 4; lastKnownFileType = sourcecode.c.h; name = AppDelegate.h; path = valuxlms/AppDelegate.h; sourceTree = "<group>"; };
		13B07FB01A68108700A75B9A /* AppDelegate.m */ = {isa = PBXFileReference; fileEncoding = 4; lastKnownFileType = sourcecode.c.objc; name = AppDelegate.m; path = valuxlms/AppDelegate.m; sourceTree = "<group>"; };
		13B07FB51A68108700A75B9A /* Images.xcassets */ = {isa = PBXFileReference; lastKnownFileType = folder.assetcatalog; name = Images.xcassets; path = valuxlms/Images.xcassets; sourceTree = "<group>"; };
		13B07FB61A68108700A75B9A /* Info.plist */ = {isa = PBXFileReference; fileEncoding = 4; lastKnownFileType = text.plist.xml; name = Info.plist; path = valuxlms/Info.plist; sourceTree = "<group>"; };
		13B07FB71A68108700A75B9A /* main.m */ = {isa = PBXFileReference; fileEncoding = 4; lastKnownFileType = sourcecode.c.objc; name = main.m; path = valuxlms/main.m; sourceTree = "<group>"; };
		1A61865817BD4311BC43540E /* FontAwesome5_Regular.ttf */ = {isa = PBXFileReference; explicitFileType = undefined; fileEncoding = 9; includeInIndex = 0; lastKnownFileType = unknown; name = FontAwesome5_Regular.ttf; path = "../node_modules/react-native-vector-icons/Fonts/FontAwesome5_Regular.ttf"; sourceTree = "<group>"; };
		2E25FDC0000881F3CAAEBC16 /* Pods-valuxlms-valuxlmsTests.release.xcconfig */ = {isa = PBXFileReference; includeInIndex = 1; lastKnownFileType = text.xcconfig; name = "Pods-valuxlms-valuxlmsTests.release.xcconfig"; path = "Target Support Files/Pods-valuxlms-valuxlmsTests/Pods-valuxlms-valuxlmsTests.release.xcconfig"; sourceTree = "<group>"; };
		3D2D31F22A884B36A1440E2C /* Zocial.ttf */ = {isa = PBXFileReference; explicitFileType = undefined; fileEncoding = 9; includeInIndex = 0; lastKnownFileType = unknown; name = Zocial.ttf; path = "../node_modules/react-native-vector-icons/Fonts/Zocial.ttf"; sourceTree = "<group>"; };
		6090C9B2C57A4744848F3BF5 /* Octicons.ttf */ = {isa = PBXFileReference; explicitFileType = undefined; fileEncoding = 9; includeInIndex = 0; lastKnownFileType = unknown; name = Octicons.ttf; path = "../node_modules/react-native-vector-icons/Fonts/Octicons.ttf"; sourceTree = "<group>"; };
		709A8298496647C7918AFA75 /* FontAwesome.ttf */ = {isa = PBXFileReference; explicitFileType = undefined; fileEncoding = 9; includeInIndex = 0; lastKnownFileType = unknown; name = FontAwesome.ttf; path = "../node_modules/react-native-vector-icons/Fonts/FontAwesome.ttf"; sourceTree = "<group>"; };
		7125002177621AF0CDB39E4C /* Pods-valuxlms.debug.xcconfig */ = {isa = PBXFileReference; includeInIndex = 1; lastKnownFileType = text.xcconfig; name = "Pods-valuxlms.debug.xcconfig"; path = "Target Support Files/Pods-valuxlms/Pods-valuxlms.debug.xcconfig"; sourceTree = "<group>"; };
		7776B6C1FC794995A5C267A8 /* SimpleLineIcons.ttf */ = {isa = PBXFileReference; explicitFileType = undefined; fileEncoding = 9; includeInIndex = 0; lastKnownFileType = unknown; name = SimpleLineIcons.ttf; path = "../node_modules/react-native-vector-icons/Fonts/SimpleLineIcons.ttf"; sourceTree = "<group>"; };
		7EED1D3A6043499F81C9EE74 /* AntDesign.ttf */ = {isa = PBXFileReference; explicitFileType = undefined; fileEncoding = 9; includeInIndex = 0; lastKnownFileType = unknown; name = AntDesign.ttf; path = "../node_modules/react-native-vector-icons/Fonts/AntDesign.ttf"; sourceTree = "<group>"; };
		81AB9BB72411601600AC10FF /* LaunchScreen.storyboard */ = {isa = PBXFileReference; fileEncoding = 4; lastKnownFileType = file.storyboard; name = LaunchScreen.storyboard; path = valuxlms/LaunchScreen.storyboard; sourceTree = "<group>"; };
		84EA20AB8D3D431E8F0C6662 /* FontAwesome5_Brands.ttf */ = {isa = PBXFileReference; explicitFileType = undefined; fileEncoding = 9; includeInIndex = 0; lastKnownFileType = unknown; name = FontAwesome5_Brands.ttf; path = "../node_modules/react-native-vector-icons/Fonts/FontAwesome5_Brands.ttf"; sourceTree = "<group>"; };
		890230D16246CF5847638007 /* libPods-valuxlms-valuxlmsTests.a */ = {isa = PBXFileReference; explicitFileType = archive.ar; includeInIndex = 0; path = "libPods-valuxlms-valuxlmsTests.a"; sourceTree = BUILT_PRODUCTS_DIR; };
		8C13DF82E7894F28A3DFF9E7 /* EvilIcons.ttf */ = {isa = PBXFileReference; explicitFileType = undefined; fileEncoding = 9; includeInIndex = 0; lastKnownFileType = unknown; name = EvilIcons.ttf; path = "../node_modules/react-native-vector-icons/Fonts/EvilIcons.ttf"; sourceTree = "<group>"; };
		983DD040F91842048CED4F27 /* MaterialIcons.ttf */ = {isa = PBXFileReference; explicitFileType = undefined; fileEncoding = 9; includeInIndex = 0; lastKnownFileType = unknown; name = MaterialIcons.ttf; path = "../node_modules/react-native-vector-icons/Fonts/MaterialIcons.ttf"; sourceTree = "<group>"; };
		A18B3376392F44848146E701 /* Ionicons.ttf */ = {isa = PBXFileReference; explicitFileType = undefined; fileEncoding = 9; includeInIndex = 0; lastKnownFileType = unknown; name = Ionicons.ttf; path = "../node_modules/react-native-vector-icons/Fonts/Ionicons.ttf"; sourceTree = "<group>"; };
		A61B13CC5AC67EA3DD89D624 /* Pods-valuxlms-valuxlmsTests.debug.xcconfig */ = {isa = PBXFileReference; includeInIndex = 1; lastKnownFileType = text.xcconfig; name = "Pods-valuxlms-valuxlmsTests.debug.xcconfig"; path = "Target Support Files/Pods-valuxlms-valuxlmsTests/Pods-valuxlms-valuxlmsTests.debug.xcconfig"; sourceTree = "<group>"; };
		AD80C2F881DF4266B69BE96C /* Pods-valuxlms.release.xcconfig */ = {isa = PBXFileReference; includeInIndex = 1; lastKnownFileType = text.xcconfig; name = "Pods-valuxlms.release.xcconfig"; path = "Target Support Files/Pods-valuxlms/Pods-valuxlms.release.xcconfig"; sourceTree = "<group>"; };
		B6B9CA160BCC466FAEA53EE9 /* Fontisto.ttf */ = {isa = PBXFileReference; explicitFileType = undefined; fileEncoding = 9; includeInIndex = 0; lastKnownFileType = unknown; name = Fontisto.ttf; path = "../node_modules/react-native-vector-icons/Fonts/Fontisto.ttf"; sourceTree = "<group>"; };
		BC727408C2204B11902C7248 /* Foundation.ttf */ = {isa = PBXFileReference; explicitFileType = undefined; fileEncoding = 9; includeInIndex = 0; lastKnownFileType = unknown; name = Foundation.ttf; path = "../node_modules/react-native-vector-icons/Fonts/Foundation.ttf"; sourceTree = "<group>"; };
		D90B1EB0293E1DCF005D0A5D /* DMSans-Italic.ttf */ = {isa = PBXFileReference; lastKnownFileType = file; name = "DMSans-Italic.ttf"; path = "../assets/DMSans-Italic.ttf"; sourceTree = "<group>"; };
		D90B1EB1293E1DCF005D0A5D /* DMSans-Regular.ttf */ = {isa = PBXFileReference; lastKnownFileType = file; name = "DMSans-Regular.ttf"; path = "../assets/DMSans-Regular.ttf"; sourceTree = "<group>"; };
		D90B1EB2293E1DCF005D0A5D /* DMSans-Bold.ttf */ = {isa = PBXFileReference; lastKnownFileType = file; name = "DMSans-Bold.ttf"; path = "../assets/DMSans-Bold.ttf"; sourceTree = "<group>"; };
		D90B1EB3293E1DCF005D0A5D /* DMSans-BoldItalic.ttf */ = {isa = PBXFileReference; lastKnownFileType = file; name = "DMSans-BoldItalic.ttf"; path = "../assets/DMSans-BoldItalic.ttf"; sourceTree = "<group>"; };
		D90B1EB4293E1DCF005D0A5D /* DMSans-MediumItalic.ttf */ = {isa = PBXFileReference; lastKnownFileType = file; name = "DMSans-MediumItalic.ttf"; path = "../assets/DMSans-MediumItalic.ttf"; sourceTree = "<group>"; };
		D90B1EB5293E1DCF005D0A5D /* DMSans-Medium.ttf */ = {isa = PBXFileReference; lastKnownFileType = file; name = "DMSans-Medium.ttf"; path = "../assets/DMSans-Medium.ttf"; sourceTree = "<group>"; };
		DA56AFD2DBDF4357B05CF5A7 /* Feather.ttf */ = {isa = PBXFileReference; explicitFileType = undefined; fileEncoding = 9; includeInIndex = 0; lastKnownFileType = unknown; name = Feather.ttf; path = "../node_modules/react-native-vector-icons/Fonts/Feather.ttf"; sourceTree = "<group>"; };
		DC96F7C6DE0E4EC797CA7ED3 /* FontAwesome5_Solid.ttf */ = {isa = PBXFileReference; explicitFileType = undefined; fileEncoding = 9; includeInIndex = 0; lastKnownFileType = unknown; name = FontAwesome5_Solid.ttf; path = "../node_modules/react-native-vector-icons/Fonts/FontAwesome5_Solid.ttf"; sourceTree = "<group>"; };
		E5A1F41B15C2453AA8728D8F /* Entypo.ttf */ = {isa = PBXFileReference; explicitFileType = undefined; fileEncoding = 9; includeInIndex = 0; lastKnownFileType = unknown; name = Entypo.ttf; path = "../node_modules/react-native-vector-icons/Fonts/Entypo.ttf"; sourceTree = "<group>"; };
		ED297162215061F000B7C4FE /* JavaScriptCore.framework */ = {isa = PBXFileReference; lastKnownFileType = wrapper.framework; name = JavaScriptCore.framework; path = System/Library/Frameworks/JavaScriptCore.framework; sourceTree = SDKROOT; };
		F1CB3DC359304A1A9909088B /* MaterialCommunityIcons.ttf */ = {isa = PBXFileReference; explicitFileType = undefined; fileEncoding = 9; includeInIndex = 0; lastKnownFileType = unknown; name = MaterialCommunityIcons.ttf; path = "../node_modules/react-native-vector-icons/Fonts/MaterialCommunityIcons.ttf"; sourceTree = "<group>"; };
		4A79671AF3E9406492A96FE2 /* DMSans-Bold.ttf */ = {isa = PBXFileReference; name = "DMSans-Bold.ttf"; path = "../assets/fonts/DMSans-Bold.ttf"; sourceTree = "<group>"; fileEncoding = undefined; lastKnownFileType = unknown; explicitFileType = undefined; includeInIndex = 0; };
		97047B6BD6B144C9879C61C7 /* DMSans-BoldItalic.ttf */ = {isa = PBXFileReference; name = "DMSans-BoldItalic.ttf"; path = "../assets/fonts/DMSans-BoldItalic.ttf"; sourceTree = "<group>"; fileEncoding = undefined; lastKnownFileType = unknown; explicitFileType = undefined; includeInIndex = 0; };
		083D12F200564DBA99F62C7F /* DMSans-Italic.ttf */ = {isa = PBXFileReference; name = "DMSans-Italic.ttf"; path = "../assets/fonts/DMSans-Italic.ttf"; sourceTree = "<group>"; fileEncoding = undefined; lastKnownFileType = unknown; explicitFileType = undefined; includeInIndex = 0; };
		4F1309B742AA4E41BF515B61 /* DMSans-Medium.ttf */ = {isa = PBXFileReference; name = "DMSans-Medium.ttf"; path = "../assets/fonts/DMSans-Medium.ttf"; sourceTree = "<group>"; fileEncoding = undefined; lastKnownFileType = unknown; explicitFileType = undefined; includeInIndex = 0; };
		4C551C1A253944828D8A653C /* DMSans-MediumItalic.ttf */ = {isa = PBXFileReference; name = "DMSans-MediumItalic.ttf"; path = "../assets/fonts/DMSans-MediumItalic.ttf"; sourceTree = "<group>"; fileEncoding = undefined; lastKnownFileType = unknown; explicitFileType = undefined; includeInIndex = 0; };
		4EB84199BEEB48E0BBB4EE43 /* DMSans-Regular.ttf */ = {isa = PBXFileReference; name = "DMSans-Regular.ttf"; path = "../assets/fonts/DMSans-Regular.ttf"; sourceTree = "<group>"; fileEncoding = undefined; lastKnownFileType = unknown; explicitFileType = undefined; includeInIndex = 0; };
/* End PBXFileReference section */

/* Begin PBXFrameworksBuildPhase section */
		00E356EB1AD99517003FC87E /* Frameworks */ = {
			isa = PBXFrameworksBuildPhase;
			buildActionMask = 2147483647;
			files = (
				957C6841DDA34B76C46BB32B /* libPods-valuxlms-valuxlmsTests.a in Frameworks */,
			);
			runOnlyForDeploymentPostprocessing = 0;
		};
		13B07F8C1A680F5B00A75B9A /* Frameworks */ = {
			isa = PBXFrameworksBuildPhase;
			buildActionMask = 2147483647;
			files = (
				10DC221A37064F770340C3A5 /* libPods-valuxlms.a in Frameworks */,
			);
			runOnlyForDeploymentPostprocessing = 0;
		};
/* End PBXFrameworksBuildPhase section */

/* Begin PBXGroup section */
		00E356EF1AD99517003FC87E /* valuxlmsTests */ = {
			isa = PBXGroup;
			children = (
				00E356F21AD99517003FC87E /* valuxlmsTests.m */,
				00E356F01AD99517003FC87E /* Supporting Files */,
			);
			path = valuxlmsTests;
			sourceTree = "<group>";
		};
		00E356F01AD99517003FC87E /* Supporting Files */ = {
			isa = PBXGroup;
			children = (
				00E356F11AD99517003FC87E /* Info.plist */,
			);
			name = "Supporting Files";
			sourceTree = "<group>";
		};
		10D476E344A04CAEB6C26CD3 /* Resources */ = {
			isa = PBXGroup;
			children = (
				D90B1EB2293E1DCF005D0A5D /* DMSans-Bold.ttf */,
				D90B1EB3293E1DCF005D0A5D /* DMSans-BoldItalic.ttf */,
				D90B1EB0293E1DCF005D0A5D /* DMSans-Italic.ttf */,
				D90B1EB5293E1DCF005D0A5D /* DMSans-Medium.ttf */,
				D90B1EB4293E1DCF005D0A5D /* DMSans-MediumItalic.ttf */,
				D90B1EB1293E1DCF005D0A5D /* DMSans-Regular.ttf */,
				7EED1D3A6043499F81C9EE74 /* AntDesign.ttf */,
				E5A1F41B15C2453AA8728D8F /* Entypo.ttf */,
				8C13DF82E7894F28A3DFF9E7 /* EvilIcons.ttf */,
				DA56AFD2DBDF4357B05CF5A7 /* Feather.ttf */,
				709A8298496647C7918AFA75 /* FontAwesome.ttf */,
				84EA20AB8D3D431E8F0C6662 /* FontAwesome5_Brands.ttf */,
				1A61865817BD4311BC43540E /* FontAwesome5_Regular.ttf */,
				DC96F7C6DE0E4EC797CA7ED3 /* FontAwesome5_Solid.ttf */,
				B6B9CA160BCC466FAEA53EE9 /* Fontisto.ttf */,
				BC727408C2204B11902C7248 /* Foundation.ttf */,
				A18B3376392F44848146E701 /* Ionicons.ttf */,
				F1CB3DC359304A1A9909088B /* MaterialCommunityIcons.ttf */,
				983DD040F91842048CED4F27 /* MaterialIcons.ttf */,
				6090C9B2C57A4744848F3BF5 /* Octicons.ttf */,
				7776B6C1FC794995A5C267A8 /* SimpleLineIcons.ttf */,
				3D2D31F22A884B36A1440E2C /* Zocial.ttf */,
				4A79671AF3E9406492A96FE2 /* DMSans-Bold.ttf */,
				97047B6BD6B144C9879C61C7 /* DMSans-BoldItalic.ttf */,
				083D12F200564DBA99F62C7F /* DMSans-Italic.ttf */,
				4F1309B742AA4E41BF515B61 /* DMSans-Medium.ttf */,
				4C551C1A253944828D8A653C /* DMSans-MediumItalic.ttf */,
				4EB84199BEEB48E0BBB4EE43 /* DMSans-Regular.ttf */,
			);
			name = Resources;
			sourceTree = "<group>";
		};
		13B07FAE1A68108700A75B9A /* valuxlms */ = {
			isa = PBXGroup;
			children = (
				13B07FAF1A68108700A75B9A /* AppDelegate.h */,
				13B07FB01A68108700A75B9A /* AppDelegate.m */,
				13B07FB51A68108700A75B9A /* Images.xcassets */,
				13B07FB61A68108700A75B9A /* Info.plist */,
				81AB9BB72411601600AC10FF /* LaunchScreen.storyboard */,
				13B07FB71A68108700A75B9A /* main.m */,
			);
			name = valuxlms;
			sourceTree = "<group>";
		};
		2D16E6871FA4F8E400B85C8A /* Frameworks */ = {
			isa = PBXGroup;
			children = (
				ED297162215061F000B7C4FE /* JavaScriptCore.framework */,
				04095736FE8C02810E7CFE91 /* libPods-valuxlms.a */,
				890230D16246CF5847638007 /* libPods-valuxlms-valuxlmsTests.a */,
			);
			name = Frameworks;
			sourceTree = "<group>";
		};
		832341AE1AAA6A7D00B99B32 /* Libraries */ = {
			isa = PBXGroup;
			children = (
			);
			name = Libraries;
			sourceTree = "<group>";
		};
		83CBB9F61A601CBA00E9B192 = {
			isa = PBXGroup;
			children = (
				13B07FAE1A68108700A75B9A /* valuxlms */,
				832341AE1AAA6A7D00B99B32 /* Libraries */,
				00E356EF1AD99517003FC87E /* valuxlmsTests */,
				83CBBA001A601CBA00E9B192 /* Products */,
				2D16E6871FA4F8E400B85C8A /* Frameworks */,
				10D476E344A04CAEB6C26CD3 /* Resources */,
				F7A29F7A66671E6EF7EBB07C /* Pods */,
			);
			indentWidth = 2;
			sourceTree = "<group>";
			tabWidth = 2;
			usesTabs = 0;
		};
		83CBBA001A601CBA00E9B192 /* Products */ = {
			isa = PBXGroup;
			children = (
				13B07F961A680F5B00A75B9A /* valuxlms.app */,
				00E356EE1AD99517003FC87E /* valuxlmsTests.xctest */,
			);
			name = Products;
			sourceTree = "<group>";
		};
		F7A29F7A66671E6EF7EBB07C /* Pods */ = {
			isa = PBXGroup;
			children = (
				7125002177621AF0CDB39E4C /* Pods-valuxlms.debug.xcconfig */,
				AD80C2F881DF4266B69BE96C /* Pods-valuxlms.release.xcconfig */,
				A61B13CC5AC67EA3DD89D624 /* Pods-valuxlms-valuxlmsTests.debug.xcconfig */,
				2E25FDC0000881F3CAAEBC16 /* Pods-valuxlms-valuxlmsTests.release.xcconfig */,
			);
			path = Pods;
			sourceTree = "<group>";
		};
/* End PBXGroup section */

/* Begin PBXNativeTarget section */
		00E356ED1AD99517003FC87E /* valuxlmsTests */ = {
			isa = PBXNativeTarget;
			buildConfigurationList = 00E357021AD99517003FC87E /* Build configuration list for PBXNativeTarget "valuxlmsTests" */;
			buildPhases = (
				5392FF57171217C8E7148D08 /* [CP] Check Pods Manifest.lock */,
				00E356EA1AD99517003FC87E /* Sources */,
				00E356EB1AD99517003FC87E /* Frameworks */,
				00E356EC1AD99517003FC87E /* Resources */,
				68948476129637B9237CA641 /* [CP] Embed Pods Frameworks */,
				A8CBB206698BD812BE07CBC5 /* [CP] Copy Pods Resources */,
			);
			buildRules = (
			);
			dependencies = (
				00E356F51AD99517003FC87E /* PBXTargetDependency */,
			);
			name = valuxlmsTests;
			productName = valuxlmsTests;
			productReference = 00E356EE1AD99517003FC87E /* valuxlmsTests.xctest */;
			productType = "com.apple.product-type.bundle.unit-test";
		};
		13B07F861A680F5B00A75B9A /* valuxlms */ = {
			isa = PBXNativeTarget;
			buildConfigurationList = 13B07F931A680F5B00A75B9A /* Build configuration list for PBXNativeTarget "valuxlms" */;
			buildPhases = (
				F05DEBFE25AA1942981F81BA /* [CP] Check Pods Manifest.lock */,
				FD10A7F022414F080027D42C /* Start Packager */,
				13B07F871A680F5B00A75B9A /* Sources */,
				13B07F8C1A680F5B00A75B9A /* Frameworks */,
				13B07F8E1A680F5B00A75B9A /* Resources */,
				00DD1BFF1BD5951E006B06BC /* Bundle React Native code and images */,
				58DAE4D5A4D0A46B9F7B5564 /* [CP] Embed Pods Frameworks */,
				1CE49F2C09DABB66A4DD17E5 /* [CP] Copy Pods Resources */,
			);
			buildRules = (
			);
			dependencies = (
			);
			name = valuxlms;
			productName = valuxlms;
			productReference = 13B07F961A680F5B00A75B9A /* valuxlms.app */;
			productType = "com.apple.product-type.application";
		};
/* End PBXNativeTarget section */

/* Begin PBXProject section */
		83CBB9F71A601CBA00E9B192 /* Project object */ = {
			isa = PBXProject;
			attributes = {
				LastUpgradeCheck = 1210;
				TargetAttributes = {
					00E356ED1AD99517003FC87E = {
						CreatedOnToolsVersion = 6.2;
						TestTargetID = 13B07F861A680F5B00A75B9A;
					};
					13B07F861A680F5B00A75B9A = {
						LastSwiftMigration = 1120;
					};
				};
			};
			buildConfigurationList = 83CBB9FA1A601CBA00E9B192 /* Build configuration list for PBXProject "valuxlms" */;
			compatibilityVersion = "Xcode 12.0";
			developmentRegion = en;
			hasScannedForEncodings = 0;
			knownRegions = (
				en,
				Base,
			);
			mainGroup = 83CBB9F61A601CBA00E9B192;
			productRefGroup = 83CBBA001A601CBA00E9B192 /* Products */;
			projectDirPath = "";
			projectRoot = "";
			targets = (
				13B07F861A680F5B00A75B9A /* valuxlms */,
				00E356ED1AD99517003FC87E /* valuxlmsTests */,
			);
		};
/* End PBXProject section */

/* Begin PBXResourcesBuildPhase section */
		00E356EC1AD99517003FC87E /* Resources */ = {
			isa = PBXResourcesBuildPhase;
			buildActionMask = 2147483647;
			files = (
			);
			runOnlyForDeploymentPostprocessing = 0;
		};
		13B07F8E1A680F5B00A75B9A /* Resources */ = {
			isa = PBXResourcesBuildPhase;
			buildActionMask = 2147483647;
			files = (
				81AB9BB82411601600AC10FF /* LaunchScreen.storyboard in Resources */,
				D90B1EB9293E1DCF005D0A5D /* DMSans-BoldItalic.ttf in Resources */,
				13B07FBF1A68108700A75B9A /* Images.xcassets in Resources */,
				3B9C674915E14BD58531F728 /* AntDesign.ttf in Resources */,
				D5F17854F53B4B37956A63B8 /* Entypo.ttf in Resources */,
				8293D63596CA4BF19C7C422E /* EvilIcons.ttf in Resources */,
				FFD97653B74640DBA6596296 /* Feather.ttf in Resources */,
				2FE42019FA0D4B12A5349834 /* FontAwesome.ttf in Resources */,
				A09F5DC9EE1E42EDA1807A60 /* FontAwesome5_Brands.ttf in Resources */,
				F05A8FE5A5B0478BB17E7852 /* FontAwesome5_Regular.ttf in Resources */,
				4B8532CD8122455C9556EBA0 /* FontAwesome5_Solid.ttf in Resources */,
				8AF85D8DE4154A8283637441 /* Fontisto.ttf in Resources */,
				20CA72C6C2754A82BB2633ED /* Foundation.ttf in Resources */,
				D90B1EBA293E1DCF005D0A5D /* DMSans-MediumItalic.ttf in Resources */,
				5EC76529726746E680FE864B /* Ionicons.ttf in Resources */,
				ACD3AB0F868F408C8E817952 /* MaterialCommunityIcons.ttf in Resources */,
				DFC3FFE697D444DD8C94DAF4 /* MaterialIcons.ttf in Resources */,
				D90B1EBB293E1DCF005D0A5D /* DMSans-Medium.ttf in Resources */,
				D90B1EB7293E1DCF005D0A5D /* DMSans-Regular.ttf in Resources */,
				CA854311A4964B6982B9184C /* Octicons.ttf in Resources */,
				D90B1EB6293E1DCF005D0A5D /* DMSans-Italic.ttf in Resources */,
				14C6B704032D43F1B9E8F2D3 /* SimpleLineIcons.ttf in Resources */,
				D90B1EB8293E1DCF005D0A5D /* DMSans-Bold.ttf in Resources */,
				E9DCFB7754E948AF90928612 /* Zocial.ttf in Resources */,
				0D8C8374671A46C88C34BE7C /* DMSans-Bold.ttf in Resources */,
				464C41EEC5874ED185490833 /* DMSans-BoldItalic.ttf in Resources */,
				3EE5B9C3798E49DC91E098DB /* DMSans-Italic.ttf in Resources */,
				668F507FD26149EB8BDB7BE0 /* DMSans-Medium.ttf in Resources */,
				2330CD7EC12343B4B7F49997 /* DMSans-MediumItalic.ttf in Resources */,
				EC226F06AF564CCE8DE62637 /* DMSans-Regular.ttf in Resources */,
			);
			runOnlyForDeploymentPostprocessing = 0;
		};
/* End PBXResourcesBuildPhase section */

/* Begin PBXShellScriptBuildPhase section */
		00DD1BFF1BD5951E006B06BC /* Bundle React Native code and images */ = {
			isa = PBXShellScriptBuildPhase;
			buildActionMask = 2147483647;
			files = (
			);
			inputPaths = (
			);
			name = "Bundle React Native code and images";
			outputPaths = (
			);
			runOnlyForDeploymentPostprocessing = 0;
			shellPath = /bin/sh;
			shellScript = "set -e\n\nexport NODE_BINARY=node\n../node_modules/react-native/scripts/react-native-xcode.sh\n";
		};
		1CE49F2C09DABB66A4DD17E5 /* [CP] Copy Pods Resources */ = {
			isa = PBXShellScriptBuildPhase;
			buildActionMask = 2147483647;
			files = (
			);
			inputFileListPaths = (
				"${PODS_ROOT}/Target Support Files/Pods-valuxlms/Pods-valuxlms-resources-${CONFIGURATION}-input-files.xcfilelist",
			);
			name = "[CP] Copy Pods Resources";
			outputFileListPaths = (
				"${PODS_ROOT}/Target Support Files/Pods-valuxlms/Pods-valuxlms-resources-${CONFIGURATION}-output-files.xcfilelist",
			);
			runOnlyForDeploymentPostprocessing = 0;
			shellPath = /bin/sh;
			shellScript = "\"${PODS_ROOT}/Target Support Files/Pods-valuxlms/Pods-valuxlms-resources.sh\"\n";
			showEnvVarsInLog = 0;
		};
		5392FF57171217C8E7148D08 /* [CP] Check Pods Manifest.lock */ = {
			isa = PBXShellScriptBuildPhase;
			buildActionMask = 2147483647;
			files = (
			);
			inputFileListPaths = (
			);
			inputPaths = (
				"${PODS_PODFILE_DIR_PATH}/Podfile.lock",
				"${PODS_ROOT}/Manifest.lock",
			);
			name = "[CP] Check Pods Manifest.lock";
			outputFileListPaths = (
			);
			outputPaths = (
				"$(DERIVED_FILE_DIR)/Pods-valuxlms-valuxlmsTests-checkManifestLockResult.txt",
			);
			runOnlyForDeploymentPostprocessing = 0;
			shellPath = /bin/sh;
			shellScript = "diff \"${PODS_PODFILE_DIR_PATH}/Podfile.lock\" \"${PODS_ROOT}/Manifest.lock\" > /dev/null\nif [ $? != 0 ] ; then\n    # print error to STDERR\n    echo \"error: The sandbox is not in sync with the Podfile.lock. Run 'pod install' or update your CocoaPods installation.\" >&2\n    exit 1\nfi\n# This output is used by Xcode 'outputs' to avoid re-running this script phase.\necho \"SUCCESS\" > \"${SCRIPT_OUTPUT_FILE_0}\"\n";
			showEnvVarsInLog = 0;
		};
		58DAE4D5A4D0A46B9F7B5564 /* [CP] Embed Pods Frameworks */ = {
			isa = PBXShellScriptBuildPhase;
			buildActionMask = 2147483647;
			files = (
			);
			inputFileListPaths = (
				"${PODS_ROOT}/Target Support Files/Pods-valuxlms/Pods-valuxlms-frameworks-${CONFIGURATION}-input-files.xcfilelist",
			);
			name = "[CP] Embed Pods Frameworks";
			outputFileListPaths = (
				"${PODS_ROOT}/Target Support Files/Pods-valuxlms/Pods-valuxlms-frameworks-${CONFIGURATION}-output-files.xcfilelist",
			);
			runOnlyForDeploymentPostprocessing = 0;
			shellPath = /bin/sh;
			shellScript = "\"${PODS_ROOT}/Target Support Files/Pods-valuxlms/Pods-valuxlms-frameworks.sh\"\n";
			showEnvVarsInLog = 0;
		};
		68948476129637B9237CA641 /* [CP] Embed Pods Frameworks */ = {
			isa = PBXShellScriptBuildPhase;
			buildActionMask = 2147483647;
			files = (
			);
			inputFileListPaths = (
				"${PODS_ROOT}/Target Support Files/Pods-valuxlms-valuxlmsTests/Pods-valuxlms-valuxlmsTests-frameworks-${CONFIGURATION}-input-files.xcfilelist",
			);
			name = "[CP] Embed Pods Frameworks";
			outputFileListPaths = (
				"${PODS_ROOT}/Target Support Files/Pods-valuxlms-valuxlmsTests/Pods-valuxlms-valuxlmsTests-frameworks-${CONFIGURATION}-output-files.xcfilelist",
			);
			runOnlyForDeploymentPostprocessing = 0;
			shellPath = /bin/sh;
			shellScript = "\"${PODS_ROOT}/Target Support Files/Pods-valuxlms-valuxlmsTests/Pods-valuxlms-valuxlmsTests-frameworks.sh\"\n";
			showEnvVarsInLog = 0;
		};
		A8CBB206698BD812BE07CBC5 /* [CP] Copy Pods Resources */ = {
			isa = PBXShellScriptBuildPhase;
			buildActionMask = 2147483647;
			files = (
			);
			inputFileListPaths = (
				"${PODS_ROOT}/Target Support Files/Pods-valuxlms-valuxlmsTests/Pods-valuxlms-valuxlmsTests-resources-${CONFIGURATION}-input-files.xcfilelist",
			);
			name = "[CP] Copy Pods Resources";
			outputFileListPaths = (
				"${PODS_ROOT}/Target Support Files/Pods-valuxlms-valuxlmsTests/Pods-valuxlms-valuxlmsTests-resources-${CONFIGURATION}-output-files.xcfilelist",
			);
			runOnlyForDeploymentPostprocessing = 0;
			shellPath = /bin/sh;
			shellScript = "\"${PODS_ROOT}/Target Support Files/Pods-valuxlms-valuxlmsTests/Pods-valuxlms-valuxlmsTests-resources.sh\"\n";
			showEnvVarsInLog = 0;
		};
		F05DEBFE25AA1942981F81BA /* [CP] Check Pods Manifest.lock */ = {
			isa = PBXShellScriptBuildPhase;
			buildActionMask = 2147483647;
			files = (
			);
			inputFileListPaths = (
			);
			inputPaths = (
				"${PODS_PODFILE_DIR_PATH}/Podfile.lock",
				"${PODS_ROOT}/Manifest.lock",
			);
			name = "[CP] Check Pods Manifest.lock";
			outputFileListPaths = (
			);
			outputPaths = (
				"$(DERIVED_FILE_DIR)/Pods-valuxlms-checkManifestLockResult.txt",
			);
			runOnlyForDeploymentPostprocessing = 0;
			shellPath = /bin/sh;
			shellScript = "diff \"${PODS_PODFILE_DIR_PATH}/Podfile.lock\" \"${PODS_ROOT}/Manifest.lock\" > /dev/null\nif [ $? != 0 ] ; then\n    # print error to STDERR\n    echo \"error: The sandbox is not in sync with the Podfile.lock. Run 'pod install' or update your CocoaPods installation.\" >&2\n    exit 1\nfi\n# This output is used by Xcode 'outputs' to avoid re-running this script phase.\necho \"SUCCESS\" > \"${SCRIPT_OUTPUT_FILE_0}\"\n";
			showEnvVarsInLog = 0;
		};
		FD10A7F022414F080027D42C /* Start Packager */ = {
			isa = PBXShellScriptBuildPhase;
			buildActionMask = 2147483647;
			files = (
			);
			inputFileListPaths = (
			);
			inputPaths = (
			);
			name = "Start Packager";
			outputFileListPaths = (
			);
			outputPaths = (
			);
			runOnlyForDeploymentPostprocessing = 0;
			shellPath = /bin/sh;
			shellScript = "export RCT_METRO_PORT=\"${RCT_METRO_PORT:=8081}\"\necho \"export RCT_METRO_PORT=${RCT_METRO_PORT}\" > \"${SRCROOT}/../node_modules/react-native/scripts/.packager.env\"\nif [ -z \"${RCT_NO_LAUNCH_PACKAGER+xxx}\" ] ; then\n  if nc -w 5 -z localhost ${RCT_METRO_PORT} ; then\n    if ! curl -s \"http://localhost:${RCT_METRO_PORT}/status\" | grep -q \"packager-status:running\" ; then\n      echo \"Port ${RCT_METRO_PORT} already in use, packager is either not running or not running correctly\"\n      exit 2\n    fi\n  else\n    open \"$SRCROOT/../node_modules/react-native/scripts/launchPackager.command\" || echo \"Can't start packager automatically\"\n  fi\nfi\n";
			showEnvVarsInLog = 0;
		};
/* End PBXShellScriptBuildPhase section */

/* Begin PBXSourcesBuildPhase section */
		00E356EA1AD99517003FC87E /* Sources */ = {
			isa = PBXSourcesBuildPhase;
			buildActionMask = 2147483647;
			files = (
				00E356F31AD99517003FC87E /* valuxlmsTests.m in Sources */,
			);
			runOnlyForDeploymentPostprocessing = 0;
		};
		13B07F871A680F5B00A75B9A /* Sources */ = {
			isa = PBXSourcesBuildPhase;
			buildActionMask = 2147483647;
			files = (
				13B07FBC1A68108700A75B9A /* AppDelegate.m in Sources */,
				13B07FC11A68108700A75B9A /* main.m in Sources */,
			);
			runOnlyForDeploymentPostprocessing = 0;
		};
/* End PBXSourcesBuildPhase section */

/* Begin PBXTargetDependency section */
		00E356F51AD99517003FC87E /* PBXTargetDependency */ = {
			isa = PBXTargetDependency;
			target = 13B07F861A680F5B00A75B9A /* valuxlms */;
			targetProxy = 00E356F41AD99517003FC87E /* PBXContainerItemProxy */;
		};
/* End PBXTargetDependency section */

/* Begin XCBuildConfiguration section */
		00E356F61AD99517003FC87E /* Debug */ = {
			isa = XCBuildConfiguration;
			baseConfigurationReference = A61B13CC5AC67EA3DD89D624 /* Pods-valuxlms-valuxlmsTests.debug.xcconfig */;
			buildSettings = {
				BUNDLE_LOADER = "$(TEST_HOST)";
				GCC_PREPROCESSOR_DEFINITIONS = (
					"DEBUG=1",
					"$(inherited)",
				);
				INFOPLIST_FILE = valuxlmsTests/Info.plist;
				IPHONEOS_DEPLOYMENT_TARGET = 11.0;
				LD_RUNPATH_SEARCH_PATHS = (
					"$(inherited)",
					"@executable_path/Frameworks",
					"@loader_path/Frameworks",
				);
				OTHER_LDFLAGS = (
					"-ObjC",
					"-lc++",
					"$(inherited)",
				);
				PRODUCT_BUNDLE_IDENTIFIER = "org.reactjs.native.example.$(PRODUCT_NAME:rfc1034identifier)";
				PRODUCT_NAME = "$(TARGET_NAME)";
				TEST_HOST = "$(BUILT_PRODUCTS_DIR)/valuxlms.app/valuxlms";
			};
			name = Debug;
		};
		00E356F71AD99517003FC87E /* Release */ = {
			isa = XCBuildConfiguration;
			baseConfigurationReference = 2E25FDC0000881F3CAAEBC16 /* Pods-valuxlms-valuxlmsTests.release.xcconfig */;
			buildSettings = {
				BUNDLE_LOADER = "$(TEST_HOST)";
				COPY_PHASE_STRIP = NO;
				INFOPLIST_FILE = valuxlmsTests/Info.plist;
				IPHONEOS_DEPLOYMENT_TARGET = 11.0;
				LD_RUNPATH_SEARCH_PATHS = (
					"$(inherited)",
					"@executable_path/Frameworks",
					"@loader_path/Frameworks",
				);
				OTHER_LDFLAGS = (
					"-ObjC",
					"-lc++",
					"$(inherited)",
				);
				PRODUCT_BUNDLE_IDENTIFIER = "org.reactjs.native.example.$(PRODUCT_NAME:rfc1034identifier)";
				PRODUCT_NAME = "$(TARGET_NAME)";
				TEST_HOST = "$(BUILT_PRODUCTS_DIR)/valuxlms.app/valuxlms";
			};
			name = Release;
		};
		13B07F941A680F5B00A75B9A /* Debug */ = {
			isa = XCBuildConfiguration;
			baseConfigurationReference = 7125002177621AF0CDB39E4C /* Pods-valuxlms.debug.xcconfig */;
			buildSettings = {
				ASSETCATALOG_COMPILER_APPICON_NAME = AppIcon;
				CLANG_ENABLE_MODULES = YES;
				CURRENT_PROJECT_VERSION = 1;
				DEVELOPMENT_TEAM = XZM3AW56SA;
				ENABLE_BITCODE = NO;
				INFOPLIST_FILE = valuxlms/Info.plist;
				LD_RUNPATH_SEARCH_PATHS = (
					"$(inherited)",
					"@executable_path/Frameworks",
				);
				OTHER_LDFLAGS = (
					"$(inherited)",
					"-ObjC",
					"-lc++",
				);
				PRODUCT_BUNDLE_IDENTIFIER = com.valuxlms;
				PRODUCT_NAME = valuxlms;
				SWIFT_OPTIMIZATION_LEVEL = "-Onone";
				SWIFT_VERSION = 5.0;
				VERSIONING_SYSTEM = "apple-generic";
			};
			name = Debug;
		};
		13B07F951A680F5B00A75B9A /* Release */ = {
			isa = XCBuildConfiguration;
			baseConfigurationReference = AD80C2F881DF4266B69BE96C /* Pods-valuxlms.release.xcconfig */;
			buildSettings = {
				ASSETCATALOG_COMPILER_APPICON_NAME = AppIcon;
				CLANG_ENABLE_MODULES = YES;
				CURRENT_PROJECT_VERSION = 1;
				DEVELOPMENT_TEAM = XZM3AW56SA;
				INFOPLIST_FILE = valuxlms/Info.plist;
				LD_RUNPATH_SEARCH_PATHS = (
					"$(inherited)",
					"@executable_path/Frameworks",
				);
				OTHER_LDFLAGS = (
					"$(inherited)",
					"-ObjC",
					"-lc++",
				);
				PRODUCT_BUNDLE_IDENTIFIER = com.valuxlms;
				PRODUCT_NAME = valuxlms;
				SWIFT_VERSION = 5.0;
				VERSIONING_SYSTEM = "apple-generic";
			};
			name = Release;
		};
		83CBBA201A601CBA00E9B192 /* Debug */ = {
			isa = XCBuildConfiguration;
			buildSettings = {
				ALWAYS_SEARCH_USER_PATHS = NO;
				CLANG_ANALYZER_LOCALIZABILITY_NONLOCALIZED = YES;
				CLANG_CXX_LANGUAGE_STANDARD = "gnu++0x";
				CLANG_CXX_LIBRARY = "libc++";
				CLANG_ENABLE_MODULES = YES;
				CLANG_ENABLE_OBJC_ARC = YES;
				CLANG_WARN_BLOCK_CAPTURE_AUTORELEASING = YES;
				CLANG_WARN_BOOL_CONVERSION = YES;
				CLANG_WARN_COMMA = YES;
				CLANG_WARN_CONSTANT_CONVERSION = YES;
				CLANG_WARN_DEPRECATED_OBJC_IMPLEMENTATIONS = YES;
				CLANG_WARN_DIRECT_OBJC_ISA_USAGE = YES_ERROR;
				CLANG_WARN_EMPTY_BODY = YES;
				CLANG_WARN_ENUM_CONVERSION = YES;
				CLANG_WARN_INFINITE_RECURSION = YES;
				CLANG_WARN_INT_CONVERSION = YES;
				CLANG_WARN_NON_LITERAL_NULL_CONVERSION = YES;
				CLANG_WARN_OBJC_IMPLICIT_RETAIN_SELF = YES;
				CLANG_WARN_OBJC_LITERAL_CONVERSION = YES;
				CLANG_WARN_OBJC_ROOT_CLASS = YES_ERROR;
				CLANG_WARN_QUOTED_INCLUDE_IN_FRAMEWORK_HEADER = YES;
				CLANG_WARN_RANGE_LOOP_ANALYSIS = YES;
				CLANG_WARN_STRICT_PROTOTYPES = YES;
				CLANG_WARN_SUSPICIOUS_MOVE = YES;
				CLANG_WARN_UNREACHABLE_CODE = YES;
				CLANG_WARN__DUPLICATE_METHOD_MATCH = YES;
				"CODE_SIGN_IDENTITY[sdk=iphoneos*]" = "iPhone Developer";
				COPY_PHASE_STRIP = NO;
				ENABLE_STRICT_OBJC_MSGSEND = YES;
				ENABLE_TESTABILITY = YES;
				"EXCLUDED_ARCHS[sdk=iphonesimulator*]" = "";
				GCC_C_LANGUAGE_STANDARD = gnu99;
				GCC_DYNAMIC_NO_PIC = NO;
				GCC_NO_COMMON_BLOCKS = YES;
				GCC_OPTIMIZATION_LEVEL = 0;
				GCC_PREPROCESSOR_DEFINITIONS = (
					"DEBUG=1",
					"$(inherited)",
				);
				GCC_SYMBOLS_PRIVATE_EXTERN = NO;
				GCC_WARN_64_TO_32_BIT_CONVERSION = YES;
				GCC_WARN_ABOUT_RETURN_TYPE = YES_ERROR;
				GCC_WARN_UNDECLARED_SELECTOR = YES;
				GCC_WARN_UNINITIALIZED_AUTOS = YES_AGGRESSIVE;
				GCC_WARN_UNUSED_FUNCTION = YES;
				GCC_WARN_UNUSED_VARIABLE = YES;
				IPHONEOS_DEPLOYMENT_TARGET = 11.0;
				LD_RUNPATH_SEARCH_PATHS = (
					/usr/lib/swift,
					"$(inherited)",
				);
				LIBRARY_SEARCH_PATHS = (
					"\"$(SDKROOT)/usr/lib/swift\"",
					"\"$(TOOLCHAIN_DIR)/usr/lib/swift/$(PLATFORM_NAME)\"",
					"\"$(inherited)\"",
				);
				MTL_ENABLE_DEBUG_INFO = YES;
				ONLY_ACTIVE_ARCH = YES;
				SDKROOT = iphoneos;
			};
			name = Debug;
		};
		83CBBA211A601CBA00E9B192 /* Release */ = {
			isa = XCBuildConfiguration;
			buildSettings = {
				ALWAYS_SEARCH_USER_PATHS = NO;
				CLANG_ANALYZER_LOCALIZABILITY_NONLOCALIZED = YES;
				CLANG_CXX_LANGUAGE_STANDARD = "gnu++0x";
				CLANG_CXX_LIBRARY = "libc++";
				CLANG_ENABLE_MODULES = YES;
				CLANG_ENABLE_OBJC_ARC = YES;
				CLANG_WARN_BLOCK_CAPTURE_AUTORELEASING = YES;
				CLANG_WARN_BOOL_CONVERSION = YES;
				CLANG_WARN_COMMA = YES;
				CLANG_WARN_CONSTANT_CONVERSION = YES;
				CLANG_WARN_DEPRECATED_OBJC_IMPLEMENTATIONS = YES;
				CLANG_WARN_DIRECT_OBJC_ISA_USAGE = YES_ERROR;
				CLANG_WARN_EMPTY_BODY = YES;
				CLANG_WARN_ENUM_CONVERSION = YES;
				CLANG_WARN_INFINITE_RECURSION = YES;
				CLANG_WARN_INT_CONVERSION = YES;
				CLANG_WARN_NON_LITERAL_NULL_CONVERSION = YES;
				CLANG_WARN_OBJC_IMPLICIT_RETAIN_SELF = YES;
				CLANG_WARN_OBJC_LITERAL_CONVERSION = YES;
				CLANG_WARN_OBJC_ROOT_CLASS = YES_ERROR;
				CLANG_WARN_QUOTED_INCLUDE_IN_FRAMEWORK_HEADER = YES;
				CLANG_WARN_RANGE_LOOP_ANALYSIS = YES;
				CLANG_WARN_STRICT_PROTOTYPES = YES;
				CLANG_WARN_SUSPICIOUS_MOVE = YES;
				CLANG_WARN_UNREACHABLE_CODE = YES;
				CLANG_WARN__DUPLICATE_METHOD_MATCH = YES;
				"CODE_SIGN_IDENTITY[sdk=iphoneos*]" = "iPhone Developer";
				COPY_PHASE_STRIP = YES;
				ENABLE_NS_ASSERTIONS = NO;
				ENABLE_STRICT_OBJC_MSGSEND = YES;
				"EXCLUDED_ARCHS[sdk=iphonesimulator*]" = "";
				GCC_C_LANGUAGE_STANDARD = gnu99;
				GCC_NO_COMMON_BLOCKS = YES;
				GCC_WARN_64_TO_32_BIT_CONVERSION = YES;
				GCC_WARN_ABOUT_RETURN_TYPE = YES_ERROR;
				GCC_WARN_UNDECLARED_SELECTOR = YES;
				GCC_WARN_UNINITIALIZED_AUTOS = YES_AGGRESSIVE;
				GCC_WARN_UNUSED_FUNCTION = YES;
				GCC_WARN_UNUSED_VARIABLE = YES;
				IPHONEOS_DEPLOYMENT_TARGET = 11.0;
				LD_RUNPATH_SEARCH_PATHS = (
					/usr/lib/swift,
					"$(inherited)",
				);
				LIBRARY_SEARCH_PATHS = (
					"\"$(SDKROOT)/usr/lib/swift\"",
					"\"$(TOOLCHAIN_DIR)/usr/lib/swift/$(PLATFORM_NAME)\"",
					"\"$(inherited)\"",
				);
				MTL_ENABLE_DEBUG_INFO = NO;
				SDKROOT = iphoneos;
				VALIDATE_PRODUCT = YES;
			};
			name = Release;
		};
/* End XCBuildConfiguration section */

/* Begin XCConfigurationList section */
		00E357021AD99517003FC87E /* Build configuration list for PBXNativeTarget "valuxlmsTests" */ = {
			isa = XCConfigurationList;
			buildConfigurations = (
				00E356F61AD99517003FC87E /* Debug */,
				00E356F71AD99517003FC87E /* Release */,
			);
			defaultConfigurationIsVisible = 0;
			defaultConfigurationName = Release;
		};
		13B07F931A680F5B00A75B9A /* Build configuration list for PBXNativeTarget "valuxlms" */ = {
			isa = XCConfigurationList;
			buildConfigurations = (
				13B07F941A680F5B00A75B9A /* Debug */,
				13B07F951A680F5B00A75B9A /* Release */,
			);
			defaultConfigurationIsVisible = 0;
			defaultConfigurationName = Release;
		};
		83CBB9FA1A601CBA00E9B192 /* Build configuration list for PBXProject "valuxlms" */ = {
			isa = XCConfigurationList;
			buildConfigurations = (
				83CBBA201A601CBA00E9B192 /* Debug */,
				83CBBA211A601CBA00E9B192 /* Release */,
			);
			defaultConfigurationIsVisible = 0;
			defaultConfigurationName = Release;
		};
/* End XCConfigurationList section */
	};
	rootObject = 83CBB9F71A601CBA00E9B192 /* Project object */;
}
